
Microsoft Visual Studio Solution File, Format Version 12.00
# Visual Studio Version 17
VisualStudioVersion = 17.11.35327.3
MinimumVisualStudioVersion = 10.0.40219.1
Project("{8BC9CEB8-8B4A-11D0-8D11-00A0C91BC942}") = "XiaoGongPDF", "XiaoGongPDF.vcxproj", "{46BF021C-6F7F-435C-843E-7C92F12DE917}"
EndProject
Global
	GlobalSection(SolutionConfigurationPlatforms) = preSolution
		Debug|x64 = Debug|x64
		Debug|x86 = Debug|x86
		Release|x64 = Release|x64
		Release|x86 = Release|x86
	EndGlobalSection
	GlobalSection(ProjectConfigurationPlatforms) = postSolution
		{46BF021C-6F7F-435C-843E-7C92F12DE917}.Debug|x64.ActiveCfg = Debug|x64
		{46BF021C-6F7F-435C-843E-7C92F12DE917}.Debug|x64.Build.0 = Debug|x64
		{46BF021C-6F7F-435C-843E-7C92F12DE917}.Debug|x86.ActiveCfg = Debug|Win32
		{46BF021C-6F7F-435C-843E-7C92F12DE917}.Debug|x86.Build.0 = Debug|Win32
		{46BF021C-6F7F-435C-843E-7C92F12DE917}.Release|x64.ActiveCfg = Release|x64
		{46BF021C-6F7F-435C-843E-7C92F12DE917}.Release|x64.Build.0 = Release|x64
		{46BF021C-6F7F-435C-843E-7C92F12DE917}.Release|x86.ActiveCfg = Release|Win32
		{46BF021C-6F7F-435C-843E-7C92F12DE917}.Release|x86.Build.0 = Release|Win32
	EndGlobalSection
	GlobalSection(SolutionProperties) = preSolution
		HideSolutionNode = FALSE
	EndGlobalSection
	GlobalSection(ExtensibilityGlobals) = postSolution
		SolutionGuid = {767F0F7A-131C-495B-8D59-C09D23F2B2FE}
	EndGlobalSection
EndGlobal
